// !$*UTF8*$!
{
	archiveVersion = 1;
	classes = {
	};
	objectVersion = 46;
	objects = {

/* Begin PBXBuildFile section */
		5D8A9436E8FD016AA88350F8 /* Pods_OrderGridRecieverUITests.framework in Frameworks */ = {isa = PBXBuildFile; fileRef = 7B6C7CD4E2BF38E8D37E1685 /* Pods_OrderGridRecieverUITests.framework */; };
		8F818F6EFEC500FBBDDFDABB /* Pods_OrderGridRecieverTests.framework in Frameworks */ = {isa = PBXBuildFile; fileRef = 8F0172B868A077AA2FB8AD5E /* Pods_OrderGridRecieverTests.framework */; };
		AA141C701F06790200745FBD /* TablePickerDataSource.swift in Sources */ = {isa = PBXBuildFile; fileRef = AA141C6F1F06790200745FBD /* TablePickerDataSource.swift */; };
		AA141C721F06791800745FBD /* TablePickerDelegate.swift in Sources */ = {isa = PBXBuildFile; fileRef = AA141C711F06791800745FBD /* TablePickerDelegate.swift */; };
		AA141C741F06BF6100745FBD /* ConfigScreenViewController.swift in Sources */ = {isa = PBXBuildFile; fileRef = AA141C731F06BF6100745FBD /* ConfigScreenViewController.swift */; };
		AA5157D61ECD77E400A03B9F /* AppDelegate.swift in Sources */ = {isa = PBXBuildFile; fileRef = AA5157D51ECD77E400A03B9F /* AppDelegate.swift */; };
		AA5157D81ECD77E400A03B9F /* ViewController.swift in Sources */ = {isa = PBXBuildFile; fileRef = AA5157D71ECD77E400A03B9F /* ViewController.swift */; };
		AA5157DB1ECD77E400A03B9F /* Main.storyboard in Resources */ = {isa = PBXBuildFile; fileRef = AA5157D91ECD77E400A03B9F /* Main.storyboard */; };
		AA5157DD1ECD77E400A03B9F /* Assets.xcassets in Resources */ = {isa = PBXBuildFile; fileRef = AA5157DC1ECD77E400A03B9F /* Assets.xcassets */; };
		AA5157E01ECD77E400A03B9F /* LaunchScreen.storyboard in Resources */ = {isa = PBXBuildFile; fileRef = AA5157DE1ECD77E400A03B9F /* LaunchScreen.storyboard */; };
		AA5157EB1ECD77E400A03B9F /* OrderGridRecieverTests.swift in Sources */ = {isa = PBXBuildFile; fileRef = AA5157EA1ECD77E400A03B9F /* OrderGridRecieverTests.swift */; };
		AA5157F61ECD77E400A03B9F /* OrderGridRecieverUITests.swift in Sources */ = {isa = PBXBuildFile; fileRef = AA5157F51ECD77E400A03B9F /* OrderGridRecieverUITests.swift */; };
		AA5158071ECD7F7600A03B9F /* OrderCell.swift in Sources */ = {isa = PBXBuildFile; fileRef = AA5158061ECD7F7600A03B9F /* OrderCell.swift */; };
		AA5158091ECD7F8400A03B9F /* OrderDelegate.swift in Sources */ = {isa = PBXBuildFile; fileRef = AA5158081ECD7F8400A03B9F /* OrderDelegate.swift */; };
		AA51580B1ECD7F8F00A03B9F /* OrderDataSource.swift in Sources */ = {isa = PBXBuildFile; fileRef = AA51580A1ECD7F8F00A03B9F /* OrderDataSource.swift */; };
		AA581BD31F0787D400A219A0 /* MenuEditViewController.swift in Sources */ = {isa = PBXBuildFile; fileRef = AA581BD21F0787D400A219A0 /* MenuEditViewController.swift */; };
		AA581BD51F078BA100A219A0 /* NewMenuItemViewController.swift in Sources */ = {isa = PBXBuildFile; fileRef = AA581BD41F078BA100A219A0 /* NewMenuItemViewController.swift */; };
		AA581BD91F078F1800A219A0 /* MenuItemTableViewCell.swift in Sources */ = {isa = PBXBuildFile; fileRef = AA581BD81F078F1800A219A0 /* MenuItemTableViewCell.swift */; };
		AA581BDB1F078FEB00A219A0 /* MenuTableDataSource.swift in Sources */ = {isa = PBXBuildFile; fileRef = AA581BDA1F078FEB00A219A0 /* MenuTableDataSource.swift */; };
		AA581BDE1F07901600A219A0 /* MenuTableDelegate.swift in Sources */ = {isa = PBXBuildFile; fileRef = AA581BDD1F07901600A219A0 /* MenuTableDelegate.swift */; };
		AA581BE01F07C6E300A219A0 /* ImagePickerDelegate.swift in Sources */ = {isa = PBXBuildFile; fileRef = AA581BDF1F07C6E300A219A0 /* ImagePickerDelegate.swift */; };
		AA581BE21F07E2AC00A219A0 /* FirebaseMenuPushController.swift in Sources */ = {isa = PBXBuildFile; fileRef = AA581BE11F07E2AC00A219A0 /* FirebaseMenuPushController.swift */; };
		AA70E89E1F065EE500600960 /* MenuItem.swift in Sources */ = {isa = PBXBuildFile; fileRef = AA70E89D1F065EE500600960 /* MenuItem.swift */; };
		AA70E8A01F065F1400600960 /* FirebaseMenuModel.swift in Sources */ = {isa = PBXBuildFile; fileRef = AA70E89F1F065F1400600960 /* FirebaseMenuModel.swift */; };
		AA70E8A21F06626100600960 /* EuroFormatter.swift in Sources */ = {isa = PBXBuildFile; fileRef = AA70E8A11F06626100600960 /* EuroFormatter.swift */; };
		AA93551A1EF16C7700DA1876 /* OrderConfigViewController.swift in Sources */ = {isa = PBXBuildFile; fileRef = AA9355191EF16C7700DA1876 /* OrderConfigViewController.swift */; };
		AAA524511ED3138A00304B1C /* GoogleService-Info.plist in Resources */ = {isa = PBXBuildFile; fileRef = AAA524501ED3138A00304B1C /* GoogleService-Info.plist */; };
		AAA524531ED3154600304B1C /* FirebaseRDModel.swift in Sources */ = {isa = PBXBuildFile; fileRef = AAA524521ED3154600304B1C /* FirebaseRDModel.swift */; };
		AAE5C8D11ED32E4200D7AFF2 /* OrderItem.swift in Sources */ = {isa = PBXBuildFile; fileRef = AAE5C8D01ED32E4200D7AFF2 /* OrderItem.swift */; };
		EB2475EB8E7CB3393D56BFC7 /* Pods_OrderGridReciever.framework in Frameworks */ = {isa = PBXBuildFile; fileRef = F6C28277C6E3F918F7952CE3 /* Pods_OrderGridReciever.framework */; };
/* End PBXBuildFile section */

/* Begin PBXContainerItemProxy section */
		AA5157E71ECD77E400A03B9F /* PBXContainerItemProxy */ = {
			isa = PBXContainerItemProxy;
			containerPortal = AA5157CA1ECD77E400A03B9F /* Project object */;
			proxyType = 1;
			remoteGlobalIDString = AA5157D11ECD77E400A03B9F;
			remoteInfo = OrderGridReciever;
		};
		AA5157F21ECD77E400A03B9F /* PBXContainerItemProxy */ = {
			isa = PBXContainerItemProxy;
			containerPortal = AA5157CA1ECD77E400A03B9F /* Project object */;
			proxyType = 1;
			remoteGlobalIDString = AA5157D11ECD77E400A03B9F;
			remoteInfo = OrderGridReciever;
		};
/* End PBXContainerItemProxy section */

/* Begin PBXFileReference section */
		2E6EF3C5BB552E4108214377 /* Pods-OrderGridReciever.release.xcconfig */ = {isa = PBXFileReference; includeInIndex = 1; lastKnownFileType = text.xcconfig; name = "Pods-OrderGridReciever.release.xcconfig"; path = "Pods/Target Support Files/Pods-OrderGridReciever/Pods-OrderGridReciever.release.xcconfig"; sourceTree = "<group>"; };
		4A715F1542021CFAA4B5F763 /* Pods-OrderGridRecieverUITests.debug.xcconfig */ = {isa = PBXFileReference; includeInIndex = 1; lastKnownFileType = text.xcconfig; name = "Pods-OrderGridRecieverUITests.debug.xcconfig"; path = "Pods/Target Support Files/Pods-OrderGridRecieverUITests/Pods-OrderGridRecieverUITests.debug.xcconfig"; sourceTree = "<group>"; };
		50ADACF0CA94A9F09177F211 /* Pods-OrderGridReciever.debug.xcconfig */ = {isa = PBXFileReference; includeInIndex = 1; lastKnownFileType = text.xcconfig; name = "Pods-OrderGridReciever.debug.xcconfig"; path = "Pods/Target Support Files/Pods-OrderGridReciever/Pods-OrderGridReciever.debug.xcconfig"; sourceTree = "<group>"; };
		73E1673319E685F88666E2A4 /* Pods-OrderGridRecieverTests.release.xcconfig */ = {isa = PBXFileReference; includeInIndex = 1; lastKnownFileType = text.xcconfig; name = "Pods-OrderGridRecieverTests.release.xcconfig"; path = "Pods/Target Support Files/Pods-OrderGridRecieverTests/Pods-OrderGridRecieverTests.release.xcconfig"; sourceTree = "<group>"; };
		7B6C7CD4E2BF38E8D37E1685 /* Pods_OrderGridRecieverUITests.framework */ = {isa = PBXFileReference; explicitFileType = wrapper.framework; includeInIndex = 0; path = Pods_OrderGridRecieverUITests.framework; sourceTree = BUILT_PRODUCTS_DIR; };
		88FF7E4F56691159646A1696 /* Pods-OrderGridRecieverUITests.release.xcconfig */ = {isa = PBXFileReference; includeInIndex = 1; lastKnownFileType = text.xcconfig; name = "Pods-OrderGridRecieverUITests.release.xcconfig"; path = "Pods/Target Support Files/Pods-OrderGridRecieverUITests/Pods-OrderGridRecieverUITests.release.xcconfig"; sourceTree = "<group>"; };
		8F0172B868A077AA2FB8AD5E /* Pods_OrderGridRecieverTests.framework */ = {isa = PBXFileReference; explicitFileType = wrapper.framework; includeInIndex = 0; path = Pods_OrderGridRecieverTests.framework; sourceTree = BUILT_PRODUCTS_DIR; };
		AA141C6F1F06790200745FBD /* TablePickerDataSource.swift */ = {isa = PBXFileReference; fileEncoding = 4; lastKnownFileType = sourcecode.swift; path = TablePickerDataSource.swift; sourceTree = "<group>"; };
		AA141C711F06791800745FBD /* TablePickerDelegate.swift */ = {isa = PBXFileReference; fileEncoding = 4; lastKnownFileType = sourcecode.swift; path = TablePickerDelegate.swift; sourceTree = "<group>"; };
		AA141C731F06BF6100745FBD /* ConfigScreenViewController.swift */ = {isa = PBXFileReference; fileEncoding = 4; lastKnownFileType = sourcecode.swift; path = ConfigScreenViewController.swift; sourceTree = "<group>"; };
		AA2F4E021EE920660049EE47 /* GoogleService-Info.plist */ = {isa = PBXFileReference; fileEncoding = 4; lastKnownFileType = text.plist.xml; name = "GoogleService-Info.plist"; path = "../../../../Downloads/GoogleService-Info.plist"; sourceTree = "<group>"; };
		AA5157D21ECD77E400A03B9F /* OrderGridReciever.app */ = {isa = PBXFileReference; explicitFileType = wrapper.application; includeInIndex = 0; path = OrderGridReciever.app; sourceTree = BUILT_PRODUCTS_DIR; };
		AA5157D51ECD77E400A03B9F /* AppDelegate.swift */ = {isa = PBXFileReference; lastKnownFileType = sourcecode.swift; path = AppDelegate.swift; sourceTree = "<group>"; };
		AA5157D71ECD77E400A03B9F /* ViewController.swift */ = {isa = PBXFileReference; lastKnownFileType = sourcecode.swift; path = ViewController.swift; sourceTree = "<group>"; };
		AA5157DA1ECD77E400A03B9F /* Base */ = {isa = PBXFileReference; lastKnownFileType = file.storyboard; name = Base; path = Base.lproj/Main.storyboard; sourceTree = "<group>"; };
		AA5157DC1ECD77E400A03B9F /* Assets.xcassets */ = {isa = PBXFileReference; lastKnownFileType = folder.assetcatalog; path = Assets.xcassets; sourceTree = "<group>"; };
		AA5157DF1ECD77E400A03B9F /* Base */ = {isa = PBXFileReference; lastKnownFileType = file.storyboard; name = Base; path = Base.lproj/LaunchScreen.storyboard; sourceTree = "<group>"; };
		AA5157E11ECD77E400A03B9F /* Info.plist */ = {isa = PBXFileReference; lastKnownFileType = text.plist.xml; path = Info.plist; sourceTree = "<group>"; };
		AA5157E61ECD77E400A03B9F /* OrderGridRecieverTests.xctest */ = {isa = PBXFileReference; explicitFileType = wrapper.cfbundle; includeInIndex = 0; path = OrderGridRecieverTests.xctest; sourceTree = BUILT_PRODUCTS_DIR; };
		AA5157EA1ECD77E400A03B9F /* OrderGridRecieverTests.swift */ = {isa = PBXFileReference; lastKnownFileType = sourcecode.swift; path = OrderGridRecieverTests.swift; sourceTree = "<group>"; };
		AA5157EC1ECD77E400A03B9F /* Info.plist */ = {isa = PBXFileReference; lastKnownFileType = text.plist.xml; path = Info.plist; sourceTree = "<group>"; };
		AA5157F11ECD77E400A03B9F /* OrderGridRecieverUITests.xctest */ = {isa = PBXFileReference; explicitFileType = wrapper.cfbundle; includeInIndex = 0; path = OrderGridRecieverUITests.xctest; sourceTree = BUILT_PRODUCTS_DIR; };
		AA5157F51ECD77E400A03B9F /* OrderGridRecieverUITests.swift */ = {isa = PBXFileReference; lastKnownFileType = sourcecode.swift; path = OrderGridRecieverUITests.swift; sourceTree = "<group>"; };
		AA5157F71ECD77E400A03B9F /* Info.plist */ = {isa = PBXFileReference; lastKnownFileType = text.plist.xml; path = Info.plist; sourceTree = "<group>"; };
		AA5158061ECD7F7600A03B9F /* OrderCell.swift */ = {isa = PBXFileReference; fileEncoding = 4; lastKnownFileType = sourcecode.swift; path = OrderCell.swift; sourceTree = "<group>"; };
		AA5158081ECD7F8400A03B9F /* OrderDelegate.swift */ = {isa = PBXFileReference; fileEncoding = 4; lastKnownFileType = sourcecode.swift; path = OrderDelegate.swift; sourceTree = "<group>"; };
		AA51580A1ECD7F8F00A03B9F /* OrderDataSource.swift */ = {isa = PBXFileReference; fileEncoding = 4; lastKnownFileType = sourcecode.swift; path = OrderDataSource.swift; sourceTree = "<group>"; };
		AA581BD21F0787D400A219A0 /* MenuEditViewController.swift */ = {isa = PBXFileReference; fileEncoding = 4; lastKnownFileType = sourcecode.swift; path = MenuEditViewController.swift; sourceTree = "<group>"; };
		AA581BD41F078BA100A219A0 /* NewMenuItemViewController.swift */ = {isa = PBXFileReference; fileEncoding = 4; lastKnownFileType = sourcecode.swift; path = NewMenuItemViewController.swift; sourceTree = "<group>"; };
		AA581BD81F078F1800A219A0 /* MenuItemTableViewCell.swift */ = {isa = PBXFileReference; fileEncoding = 4; lastKnownFileType = sourcecode.swift; path = MenuItemTableViewCell.swift; sourceTree = "<group>"; };
		AA581BDA1F078FEB00A219A0 /* MenuTableDataSource.swift */ = {isa = PBXFileReference; fileEncoding = 4; lastKnownFileType = sourcecode.swift; path = MenuTableDataSource.swift; sourceTree = "<group>"; };
		AA581BDD1F07901600A219A0 /* MenuTableDelegate.swift */ = {isa = PBXFileReference; fileEncoding = 4; lastKnownFileType = sourcecode.swift; path = MenuTableDelegate.swift; sourceTree = "<group>"; };
		AA581BDF1F07C6E300A219A0 /* ImagePickerDelegate.swift */ = {isa = PBXFileReference; fileEncoding = 4; lastKnownFileType = sourcecode.swift; path = ImagePickerDelegate.swift; sourceTree = "<group>"; };
		AA581BE11F07E2AC00A219A0 /* FirebaseMenuPushController.swift */ = {isa = PBXFileReference; fileEncoding = 4; lastKnownFileType = sourcecode.swift; path = FirebaseMenuPushController.swift; sourceTree = "<group>"; };
		AA70E89D1F065EE500600960 /* MenuItem.swift */ = {isa = PBXFileReference; fileEncoding = 4; lastKnownFileType = sourcecode.swift; path = MenuItem.swift; sourceTree = "<group>"; };
		AA70E89F1F065F1400600960 /* FirebaseMenuModel.swift */ = {isa = PBXFileReference; fileEncoding = 4; lastKnownFileType = sourcecode.swift; path = FirebaseMenuModel.swift; sourceTree = "<group>"; };
		AA70E8A11F06626100600960 /* EuroFormatter.swift */ = {isa = PBXFileReference; fileEncoding = 4; lastKnownFileType = sourcecode.swift; path = EuroFormatter.swift; sourceTree = "<group>"; };
		AA9355191EF16C7700DA1876 /* OrderConfigViewController.swift */ = {isa = PBXFileReference; fileEncoding = 4; lastKnownFileType = sourcecode.swift; path = OrderConfigViewController.swift; sourceTree = "<group>"; };
		AAA524501ED3138A00304B1C /* GoogleService-Info.plist */ = {isa = PBXFileReference; fileEncoding = 4; lastKnownFileType = text.plist.xml; name = "GoogleService-Info.plist"; path = "../../../../Downloads/GoogleService-Info.plist"; sourceTree = "<group>"; };
		AAA524521ED3154600304B1C /* FirebaseRDModel.swift */ = {isa = PBXFileReference; fileEncoding = 4; lastKnownFileType = sourcecode.swift; path = FirebaseRDModel.swift; sourceTree = "<group>"; };
		AAE5C8D01ED32E4200D7AFF2 /* OrderItem.swift */ = {isa = PBXFileReference; fileEncoding = 4; lastKnownFileType = sourcecode.swift; path = OrderItem.swift; sourceTree = "<group>"; };
		F6C28277C6E3F918F7952CE3 /* Pods_OrderGridReciever.framework */ = {isa = PBXFileReference; explicitFileType = wrapper.framework; includeInIndex = 0; path = Pods_OrderGridReciever.framework; sourceTree = BUILT_PRODUCTS_DIR; };
		F7557A99FDAFF211244DA951 /* Pods-OrderGridRecieverTests.debug.xcconfig */ = {isa = PBXFileReference; includeInIndex = 1; lastKnownFileType = text.xcconfig; name = "Pods-OrderGridRecieverTests.debug.xcconfig"; path = "Pods/Target Support Files/Pods-OrderGridRecieverTests/Pods-OrderGridRecieverTests.debug.xcconfig"; sourceTree = "<group>"; };
/* End PBXFileReference section */

/* Begin PBXFrameworksBuildPhase section */
		AA5157CF1ECD77E400A03B9F /* Frameworks */ = {
			isa = PBXFrameworksBuildPhase;
			buildActionMask = 2147483647;
			files = (
				EB2475EB8E7CB3393D56BFC7 /* Pods_OrderGridReciever.framework in Frameworks */,
			);
			runOnlyForDeploymentPostprocessing = 0;
		};
		AA5157E31ECD77E400A03B9F /* Frameworks */ = {
			isa = PBXFrameworksBuildPhase;
			buildActionMask = 2147483647;
			files = (
				8F818F6EFEC500FBBDDFDABB /* Pods_OrderGridRecieverTests.framework in Frameworks */,
			);
			runOnlyForDeploymentPostprocessing = 0;
		};
		AA5157EE1ECD77E400A03B9F /* Frameworks */ = {
			isa = PBXFrameworksBuildPhase;
			buildActionMask = 2147483647;
			files = (
				5D8A9436E8FD016AA88350F8 /* Pods_OrderGridRecieverUITests.framework in Frameworks */,
			);
			runOnlyForDeploymentPostprocessing = 0;
		};
/* End PBXFrameworksBuildPhase section */

/* Begin PBXGroup section */
		A5E6B7CCDE17F7BD7FBDD10A /* Frameworks */ = {
			isa = PBXGroup;
			children = (
				F6C28277C6E3F918F7952CE3 /* Pods_OrderGridReciever.framework */,
				8F0172B868A077AA2FB8AD5E /* Pods_OrderGridRecieverTests.framework */,
				7B6C7CD4E2BF38E8D37E1685 /* Pods_OrderGridRecieverUITests.framework */,
			);
			name = Frameworks;
			sourceTree = "<group>";
		};
		AA141C6D1F06787300745FBD /* Orders */ = {
			isa = PBXGroup;
			children = (
				AA141C6E1F0678CB00745FBD /* TablePicker */,
				AA5157D71ECD77E400A03B9F /* ViewController.swift */,
				AA9355191EF16C7700DA1876 /* OrderConfigViewController.swift */,
				AA5158031ECD7F4400A03B9F /* OrderTable */,
				AA51580E1ECD8FE900A03B9F /* Model */,
			);
			name = Orders;
			sourceTree = "<group>";
		};
		AA141C6E1F0678CB00745FBD /* TablePicker */ = {
			isa = PBXGroup;
			children = (
				AA141C6F1F06790200745FBD /* TablePickerDataSource.swift */,
				AA141C711F06791800745FBD /* TablePickerDelegate.swift */,
			);
			name = TablePicker;
			sourceTree = "<group>";
		};
		AA5157C91ECD77E400A03B9F = {
			isa = PBXGroup;
			children = (
				AA5157D41ECD77E400A03B9F /* OrderGridReciever */,
				AA5157E91ECD77E400A03B9F /* OrderGridRecieverTests */,
				AA5157F41ECD77E400A03B9F /* OrderGridRecieverUITests */,
				AA5157D31ECD77E400A03B9F /* Products */,
				B4B67802E0A321722341C261 /* Pods */,
				A5E6B7CCDE17F7BD7FBDD10A /* Frameworks */,
			);
			sourceTree = "<group>";
		};
		AA5157D31ECD77E400A03B9F /* Products */ = {
			isa = PBXGroup;
			children = (
				AA5157D21ECD77E400A03B9F /* OrderGridReciever.app */,
				AA5157E61ECD77E400A03B9F /* OrderGridRecieverTests.xctest */,
				AA5157F11ECD77E400A03B9F /* OrderGridRecieverUITests.xctest */,
			);
			name = Products;
			sourceTree = "<group>";
		};
		AA5157D41ECD77E400A03B9F /* OrderGridReciever */ = {
			isa = PBXGroup;
			children = (
				AA141C6D1F06787300745FBD /* Orders */,
				AA70E89B1F065EA000600960 /* Menu */,
				AA51580C1ECD80A700A03B9F /* ConfigScreen */,
				AA5157D51ECD77E400A03B9F /* AppDelegate.swift */,
				AA2F4E021EE920660049EE47 /* GoogleService-Info.plist */,
				AA5157D91ECD77E400A03B9F /* Main.storyboard */,
				AA5157DC1ECD77E400A03B9F /* Assets.xcassets */,
				AA5157DE1ECD77E400A03B9F /* LaunchScreen.storyboard */,
				AAA524501ED3138A00304B1C /* GoogleService-Info.plist */,
				AA5157E11ECD77E400A03B9F /* Info.plist */,
				AA70E8A11F06626100600960 /* EuroFormatter.swift */,
			);
			path = OrderGridReciever;
			sourceTree = "<group>";
		};
		AA5157E91ECD77E400A03B9F /* OrderGridRecieverTests */ = {
			isa = PBXGroup;
			children = (
				AA5157EA1ECD77E400A03B9F /* OrderGridRecieverTests.swift */,
				AA5157EC1ECD77E400A03B9F /* Info.plist */,
			);
			path = OrderGridRecieverTests;
			sourceTree = "<group>";
		};
		AA5157F41ECD77E400A03B9F /* OrderGridRecieverUITests */ = {
			isa = PBXGroup;
			children = (
				AA5157F51ECD77E400A03B9F /* OrderGridRecieverUITests.swift */,
				AA5157F71ECD77E400A03B9F /* Info.plist */,
			);
			path = OrderGridRecieverUITests;
			sourceTree = "<group>";
		};
		AA5158031ECD7F4400A03B9F /* OrderTable */ = {
			isa = PBXGroup;
			children = (
				AA5158061ECD7F7600A03B9F /* OrderCell.swift */,
				AA5158081ECD7F8400A03B9F /* OrderDelegate.swift */,
				AA51580A1ECD7F8F00A03B9F /* OrderDataSource.swift */,
			);
			name = OrderTable;
			sourceTree = "<group>";
		};
		AA51580C1ECD80A700A03B9F /* ConfigScreen */ = {
			isa = PBXGroup;
			children = (
				AA141C731F06BF6100745FBD /* ConfigScreenViewController.swift */,
			);
			name = ConfigScreen;
			sourceTree = "<group>";
		};
		AA51580E1ECD8FE900A03B9F /* Model */ = {
			isa = PBXGroup;
			children = (
				AAE5C8D01ED32E4200D7AFF2 /* OrderItem.swift */,
				AAA524521ED3154600304B1C /* FirebaseRDModel.swift */,
			);
			name = Model;
			sourceTree = "<group>";
		};
		AA581BD61F078E8B00A219A0 /* NewMenuItemScreen */ = {
			isa = PBXGroup;
			children = (
				AA581BD41F078BA100A219A0 /* NewMenuItemViewController.swift */,
				AA581BDF1F07C6E300A219A0 /* ImagePickerDelegate.swift */,
			);
			name = NewMenuItemScreen;
			sourceTree = "<group>";
		};
		AA70E89A1F065E9000600960 /* MenuEditView */ = {
			isa = PBXGroup;
			children = (
				AA581BD21F0787D400A219A0 /* MenuEditViewController.swift */,
				AA581BD81F078F1800A219A0 /* MenuItemTableViewCell.swift */,
				AA581BDA1F078FEB00A219A0 /* MenuTableDataSource.swift */,
				AA581BDD1F07901600A219A0 /* MenuTableDelegate.swift */,
			);
			name = MenuEditView;
			sourceTree = "<group>";
		};
		AA70E89B1F065EA000600960 /* Menu */ = {
			isa = PBXGroup;
			children = (
				AA581BD61F078E8B00A219A0 /* NewMenuItemScreen */,
				AA70E89C1F065EB300600960 /* Model */,
				AA70E89A1F065E9000600960 /* MenuEditView */,
				AA581BE11F07E2AC00A219A0 /* FirebaseMenuPushController.swift */,
			);
			name = Menu;
			sourceTree = "<group>";
		};
		AA70E89C1F065EB300600960 /* Model */ = {
			isa = PBXGroup;
			children = (
				AA70E89D1F065EE500600960 /* MenuItem.swift */,
				AA70E89F1F065F1400600960 /* FirebaseMenuModel.swift */,
			);
			name = Model;
			sourceTree = "<group>";
		};
		B4B67802E0A321722341C261 /* Pods */ = {
			isa = PBXGroup;
			children = (
				50ADACF0CA94A9F09177F211 /* Pods-OrderGridReciever.debug.xcconfig */,
				2E6EF3C5BB552E4108214377 /* Pods-OrderGridReciever.release.xcconfig */,
				F7557A99FDAFF211244DA951 /* Pods-OrderGridRecieverTests.debug.xcconfig */,
				73E1673319E685F88666E2A4 /* Pods-OrderGridRecieverTests.release.xcconfig */,
				4A715F1542021CFAA4B5F763 /* Pods-OrderGridRecieverUITests.debug.xcconfig */,
				88FF7E4F56691159646A1696 /* Pods-OrderGridRecieverUITests.release.xcconfig */,
			);
			name = Pods;
			sourceTree = "<group>";
		};
/* End PBXGroup section */

/* Begin PBXNativeTarget section */
		AA5157D11ECD77E400A03B9F /* OrderGridReciever */ = {
			isa = PBXNativeTarget;
			buildConfigurationList = AA5157FA1ECD77E400A03B9F /* Build configuration list for PBXNativeTarget "OrderGridReciever" */;
			buildPhases = (
				AA19820E5AC4CDE2F18D41CB /* [CP] Check Pods Manifest.lock */,
				AA5157CE1ECD77E400A03B9F /* Sources */,
				AA5157CF1ECD77E400A03B9F /* Frameworks */,
				AA5157D01ECD77E400A03B9F /* Resources */,
				386689615F00BE32A50F002B /* [CP] Embed Pods Frameworks */,
				9C8BD707413D6FE1CF83CFBC /* [CP] Copy Pods Resources */,
			);
			buildRules = (
			);
			dependencies = (
			);
			name = OrderGridReciever;
			productName = OrderGridReciever;
			productReference = AA5157D21ECD77E400A03B9F /* OrderGridReciever.app */;
			productType = "com.apple.product-type.application";
		};
		AA5157E51ECD77E400A03B9F /* OrderGridRecieverTests */ = {
			isa = PBXNativeTarget;
			buildConfigurationList = AA5157FD1ECD77E400A03B9F /* Build configuration list for PBXNativeTarget "OrderGridRecieverTests" */;
			buildPhases = (
				8BF144832D809DE2D69A7E17 /* [CP] Check Pods Manifest.lock */,
				AA5157E21ECD77E400A03B9F /* Sources */,
				AA5157E31ECD77E400A03B9F /* Frameworks */,
				AA5157E41ECD77E400A03B9F /* Resources */,
				00CE4CA4557B557E236023B6 /* [CP] Embed Pods Frameworks */,
				D020B5B23371EEAE7515E037 /* [CP] Copy Pods Resources */,
			);
			buildRules = (
			);
			dependencies = (
				AA5157E81ECD77E400A03B9F /* PBXTargetDependency */,
			);
			name = OrderGridRecieverTests;
			productName = OrderGridRecieverTests;
			productReference = AA5157E61ECD77E400A03B9F /* OrderGridRecieverTests.xctest */;
			productType = "com.apple.product-type.bundle.unit-test";
		};
		AA5157F01ECD77E400A03B9F /* OrderGridRecieverUITests */ = {
			isa = PBXNativeTarget;
			buildConfigurationList = AA5158001ECD77E400A03B9F /* Build configuration list for PBXNativeTarget "OrderGridRecieverUITests" */;
			buildPhases = (
				17B0F025AA3042515A5C05CB /* [CP] Check Pods Manifest.lock */,
				AA5157ED1ECD77E400A03B9F /* Sources */,
				AA5157EE1ECD77E400A03B9F /* Frameworks */,
				AA5157EF1ECD77E400A03B9F /* Resources */,
				C8C935F547802E12FBEA29A6 /* [CP] Embed Pods Frameworks */,
				58979D1E75CD8E39CAF783BB /* [CP] Copy Pods Resources */,
			);
			buildRules = (
			);
			dependencies = (
				AA5157F31ECD77E400A03B9F /* PBXTargetDependency */,
			);
			name = OrderGridRecieverUITests;
			productName = OrderGridRecieverUITests;
			productReference = AA5157F11ECD77E400A03B9F /* OrderGridRecieverUITests.xctest */;
			productType = "com.apple.product-type.bundle.ui-testing";
		};
/* End PBXNativeTarget section */

/* Begin PBXProject section */
		AA5157CA1ECD77E400A03B9F /* Project object */ = {
			isa = PBXProject;
			attributes = {
				LastSwiftUpdateCheck = 0830;
				LastUpgradeCheck = 0830;
				ORGANIZATIONNAME = "Christian Pfeiffer";
				TargetAttributes = {
					AA5157D11ECD77E400A03B9F = {
						CreatedOnToolsVersion = 8.3.2;
						DevelopmentTeam = 5H5DB854MQ;
						ProvisioningStyle = Automatic;
					};
					AA5157E51ECD77E400A03B9F = {
						CreatedOnToolsVersion = 8.3.2;
						DevelopmentTeam = 5H5DB854MQ;
						ProvisioningStyle = Automatic;
						TestTargetID = AA5157D11ECD77E400A03B9F;
					};
					AA5157F01ECD77E400A03B9F = {
						CreatedOnToolsVersion = 8.3.2;
						DevelopmentTeam = 5H5DB854MQ;
						ProvisioningStyle = Automatic;
						TestTargetID = AA5157D11ECD77E400A03B9F;
					};
				};
			};
			buildConfigurationList = AA5157CD1ECD77E400A03B9F /* Build configuration list for PBXProject "OrderGridReciever" */;
			compatibilityVersion = "Xcode 3.2";
			developmentRegion = English;
			hasScannedForEncodings = 0;
			knownRegions = (
				en,
				Base,
			);
			mainGroup = AA5157C91ECD77E400A03B9F;
			productRefGroup = AA5157D31ECD77E400A03B9F /* Products */;
			projectDirPath = "";
			projectRoot = "";
			targets = (
				AA5157D11ECD77E400A03B9F /* OrderGridReciever */,
				AA5157E51ECD77E400A03B9F /* OrderGridRecieverTests */,
				AA5157F01ECD77E400A03B9F /* OrderGridRecieverUITests */,
			);
		};
/* End PBXProject section */

/* Begin PBXResourcesBuildPhase section */
		AA5157D01ECD77E400A03B9F /* Resources */ = {
			isa = PBXResourcesBuildPhase;
			buildActionMask = 2147483647;
			files = (
				AA5157E01ECD77E400A03B9F /* LaunchScreen.storyboard in Resources */,
				AAA524511ED3138A00304B1C /* GoogleService-Info.plist in Resources */,
				AA5157DD1ECD77E400A03B9F /* Assets.xcassets in Resources */,
				AA5157DB1ECD77E400A03B9F /* Main.storyboard in Resources */,
			);
			runOnlyForDeploymentPostprocessing = 0;
		};
		AA5157E41ECD77E400A03B9F /* Resources */ = {
			isa = PBXResourcesBuildPhase;
			buildActionMask = 2147483647;
			files = (
			);
			runOnlyForDeploymentPostprocessing = 0;
		};
		AA5157EF1ECD77E400A03B9F /* Resources */ = {
			isa = PBXResourcesBuildPhase;
			buildActionMask = 2147483647;
			files = (
			);
			runOnlyForDeploymentPostprocessing = 0;
		};
/* End PBXResourcesBuildPhase section */

/* Begin PBXShellScriptBuildPhase section */
		00CE4CA4557B557E236023B6 /* [CP] Embed Pods Frameworks */ = {
			isa = PBXShellScriptBuildPhase;
			buildActionMask = 2147483647;
			files = (
			);
			inputPaths = (
			);
			name = "[CP] Embed Pods Frameworks";
			outputPaths = (
			);
			runOnlyForDeploymentPostprocessing = 0;
			shellPath = /bin/sh;
			shellScript = "\"${SRCROOT}/Pods/Target Support Files/Pods-OrderGridRecieverTests/Pods-OrderGridRecieverTests-frameworks.sh\"\n";
			showEnvVarsInLog = 0;
		};
		17B0F025AA3042515A5C05CB /* [CP] Check Pods Manifest.lock */ = {
			isa = PBXShellScriptBuildPhase;
			buildActionMask = 2147483647;
			files = (
			);
			inputPaths = (
			);
			name = "[CP] Check Pods Manifest.lock";
			outputPaths = (
			);
			runOnlyForDeploymentPostprocessing = 0;
			shellPath = /bin/sh;
			shellScript = "diff \"${PODS_PODFILE_DIR_PATH}/Podfile.lock\" \"${PODS_ROOT}/Manifest.lock\" > /dev/null\nif [ $? != 0 ] ; then\n    # print error to STDERR\n    echo \"error: The sandbox is not in sync with the Podfile.lock. Run 'pod install' or update your CocoaPods installation.\" >&2\n    exit 1\nfi\n";
			showEnvVarsInLog = 0;
		};
		386689615F00BE32A50F002B /* [CP] Embed Pods Frameworks */ = {
			isa = PBXShellScriptBuildPhase;
			buildActionMask = 2147483647;
			files = (
			);
			inputPaths = (
			);
			name = "[CP] Embed Pods Frameworks";
			outputPaths = (
			);
			runOnlyForDeploymentPostprocessing = 0;
			shellPath = /bin/sh;
			shellScript = "\"${SRCROOT}/Pods/Target Support Files/Pods-OrderGridReciever/Pods-OrderGridReciever-frameworks.sh\"\n";
			showEnvVarsInLog = 0;
		};
		58979D1E75CD8E39CAF783BB /* [CP] Copy Pods Resources */ = {
			isa = PBXShellScriptBuildPhase;
			buildActionMask = 2147483647;
			files = (
			);
			inputPaths = (
			);
			name = "[CP] Copy Pods Resources";
			outputPaths = (
			);
			runOnlyForDeploymentPostprocessing = 0;
			shellPath = /bin/sh;
			shellScript = "\"${SRCROOT}/Pods/Target Support Files/Pods-OrderGridRecieverUITests/Pods-OrderGridRecieverUITests-resources.sh\"\n";
			showEnvVarsInLog = 0;
		};
		8BF144832D809DE2D69A7E17 /* [CP] Check Pods Manifest.lock */ = {
			isa = PBXShellScriptBuildPhase;
			buildActionMask = 2147483647;
			files = (
			);
			inputPaths = (
			);
			name = "[CP] Check Pods Manifest.lock";
			outputPaths = (
			);
			runOnlyForDeploymentPostprocessing = 0;
			shellPath = /bin/sh;
			shellScript = "diff \"${PODS_PODFILE_DIR_PATH}/Podfile.lock\" \"${PODS_ROOT}/Manifest.lock\" > /dev/null\nif [ $? != 0 ] ; then\n    # print error to STDERR\n    echo \"error: The sandbox is not in sync with the Podfile.lock. Run 'pod install' or update your CocoaPods installation.\" >&2\n    exit 1\nfi\n";
			showEnvVarsInLog = 0;
		};
		9C8BD707413D6FE1CF83CFBC /* [CP] Copy Pods Resources */ = {
			isa = PBXShellScriptBuildPhase;
			buildActionMask = 2147483647;
			files = (
			);
			inputPaths = (
			);
			name = "[CP] Copy Pods Resources";
			outputPaths = (
			);
			runOnlyForDeploymentPostprocessing = 0;
			shellPath = /bin/sh;
			shellScript = "\"${SRCROOT}/Pods/Target Support Files/Pods-OrderGridReciever/Pods-OrderGridReciever-resources.sh\"\n";
			showEnvVarsInLog = 0;
		};
		AA19820E5AC4CDE2F18D41CB /* [CP] Check Pods Manifest.lock */ = {
			isa = PBXShellScriptBuildPhase;
			buildActionMask = 2147483647;
			files = (
			);
			inputPaths = (
			);
			name = "[CP] Check Pods Manifest.lock";
			outputPaths = (
			);
			runOnlyForDeploymentPostprocessing = 0;
			shellPath = /bin/sh;
			shellScript = "diff \"${PODS_PODFILE_DIR_PATH}/Podfile.lock\" \"${PODS_ROOT}/Manifest.lock\" > /dev/null\nif [ $? != 0 ] ; then\n    # print error to STDERR\n    echo \"error: The sandbox is not in sync with the Podfile.lock. Run 'pod install' or update your CocoaPods installation.\" >&2\n    exit 1\nfi\n";
			showEnvVarsInLog = 0;
		};
		C8C935F547802E12FBEA29A6 /* [CP] Embed Pods Frameworks */ = {
			isa = PBXShellScriptBuildPhase;
			buildActionMask = 2147483647;
			files = (
			);
			inputPaths = (
			);
			name = "[CP] Embed Pods Frameworks";
			outputPaths = (
			);
			runOnlyForDeploymentPostprocessing = 0;
			shellPath = /bin/sh;
			shellScript = "\"${SRCROOT}/Pods/Target Support Files/Pods-OrderGridRecieverUITests/Pods-OrderGridRecieverUITests-frameworks.sh\"\n";
			showEnvVarsInLog = 0;
		};
		D020B5B23371EEAE7515E037 /* [CP] Copy Pods Resources */ = {
			isa = PBXShellScriptBuildPhase;
			buildActionMask = 2147483647;
			files = (
			);
			inputPaths = (
			);
			name = "[CP] Copy Pods Resources";
			outputPaths = (
			);
			runOnlyForDeploymentPostprocessing = 0;
			shellPath = /bin/sh;
			shellScript = "\"${SRCROOT}/Pods/Target Support Files/Pods-OrderGridRecieverTests/Pods-OrderGridRecieverTests-resources.sh\"\n";
			showEnvVarsInLog = 0;
		};
/* End PBXShellScriptBuildPhase section */

/* Begin PBXSourcesBuildPhase section */
		AA5157CE1ECD77E400A03B9F /* Sources */ = {
			isa = PBXSourcesBuildPhase;
			buildActionMask = 2147483647;
			files = (
				AA141C741F06BF6100745FBD /* ConfigScreenViewController.swift in Sources */,
				AA5157D81ECD77E400A03B9F /* ViewController.swift in Sources */,
				AA93551A1EF16C7700DA1876 /* OrderConfigViewController.swift in Sources */,
				AA70E8A21F06626100600960 /* EuroFormatter.swift in Sources */,
				AA581BE01F07C6E300A219A0 /* ImagePickerDelegate.swift in Sources */,
				AA581BD31F0787D400A219A0 /* MenuEditViewController.swift in Sources */,
				AA141C701F06790200745FBD /* TablePickerDataSource.swift in Sources */,
				AA581BDB1F078FEB00A219A0 /* MenuTableDataSource.swift in Sources */,
				AA5158091ECD7F8400A03B9F /* OrderDelegate.swift in Sources */,
				AA581BD51F078BA100A219A0 /* NewMenuItemViewController.swift in Sources */,
				AA51580B1ECD7F8F00A03B9F /* OrderDataSource.swift in Sources */,
				AA5158071ECD7F7600A03B9F /* OrderCell.swift in Sources */,
				AAA524531ED3154600304B1C /* FirebaseRDModel.swift in Sources */,
				AA70E89E1F065EE500600960 /* MenuItem.swift in Sources */,
				AAE5C8D11ED32E4200D7AFF2 /* OrderItem.swift in Sources */,
				AA581BE21F07E2AC00A219A0 /* FirebaseMenuPushController.swift in Sources */,
				AA581BDE1F07901600A219A0 /* MenuTableDelegate.swift in Sources */,
				AA581BD91F078F1800A219A0 /* MenuItemTableViewCell.swift in Sources */,
				AA5157D61ECD77E400A03B9F /* AppDelegate.swift in Sources */,
				AA70E8A01F065F1400600960 /* FirebaseMenuModel.swift in Sources */,
				AA141C721F06791800745FBD /* TablePickerDelegate.swift in Sources */,
			);
			runOnlyForDeploymentPostprocessing = 0;
		};
		AA5157E21ECD77E400A03B9F /* Sources */ = {
			isa = PBXSourcesBuildPhase;
			buildActionMask = 2147483647;
			files = (
				AA5157EB1ECD77E400A03B9F /* OrderGridRecieverTests.swift in Sources */,
			);
			runOnlyForDeploymentPostprocessing = 0;
		};
		AA5157ED1ECD77E400A03B9F /* Sources */ = {
			isa = PBXSourcesBuildPhase;
			buildActionMask = 2147483647;
			files = (
				AA5157F61ECD77E400A03B9F /* OrderGridRecieverUITests.swift in Sources */,
			);
			runOnlyForDeploymentPostprocessing = 0;
		};
/* End PBXSourcesBuildPhase section */

/* Begin PBXTargetDependency section */
		AA5157E81ECD77E400A03B9F /* PBXTargetDependency */ = {
			isa = PBXTargetDependency;
			target = AA5157D11ECD77E400A03B9F /* OrderGridReciever */;
			targetProxy = AA5157E71ECD77E400A03B9F /* PBXContainerItemProxy */;
		};
		AA5157F31ECD77E400A03B9F /* PBXTargetDependency */ = {
			isa = PBXTargetDependency;
			target = AA5157D11ECD77E400A03B9F /* OrderGridReciever */;
			targetProxy = AA5157F21ECD77E400A03B9F /* PBXContainerItemProxy */;
		};
/* End PBXTargetDependency section */

/* Begin PBXVariantGroup section */
		AA5157D91ECD77E400A03B9F /* Main.storyboard */ = {
			isa = PBXVariantGroup;
			children = (
				AA5157DA1ECD77E400A03B9F /* Base */,
			);
			name = Main.storyboard;
			sourceTree = "<group>";
		};
		AA5157DE1ECD77E400A03B9F /* LaunchScreen.storyboard */ = {
			isa = PBXVariantGroup;
			children = (
				AA5157DF1ECD77E400A03B9F /* Base */,
			);
			name = LaunchScreen.storyboard;
			sourceTree = "<group>";
		};
/* End PBXVariantGroup section */

/* Begin XCBuildConfiguration section */
		AA5157F81ECD77E400A03B9F /* Debug */ = {
			isa = XCBuildConfiguration;
			buildSettings = {
				ALWAYS_SEARCH_USER_PATHS = NO;
				CLANG_ANALYZER_NONNULL = YES;
				CLANG_ANALYZER_NUMBER_OBJECT_CONVERSION = YES_AGGRESSIVE;
				CLANG_CXX_LANGUAGE_STANDARD = "gnu++0x";
				CLANG_CXX_LIBRARY = "libc++";
				CLANG_ENABLE_MODULES = YES;
				CLANG_ENABLE_OBJC_ARC = YES;
				CLANG_WARN_BOOL_CONVERSION = YES;
				CLANG_WARN_CONSTANT_CONVERSION = YES;
				CLANG_WARN_DIRECT_OBJC_ISA_USAGE = YES_ERROR;
				CLANG_WARN_DOCUMENTATION_COMMENTS = YES;
				CLANG_WARN_EMPTY_BODY = YES;
				CLANG_WARN_ENUM_CONVERSION = YES;
				CLANG_WARN_INFINITE_RECURSION = YES;
				CLANG_WARN_INT_CONVERSION = YES;
				CLANG_WARN_OBJC_ROOT_CLASS = YES_ERROR;
				CLANG_WARN_SUSPICIOUS_MOVE = YES;
				CLANG_WARN_UNREACHABLE_CODE = YES;
				CLANG_WARN__DUPLICATE_METHOD_MATCH = YES;
				"CODE_SIGN_IDENTITY[sdk=iphoneos*]" = "iPhone Developer";
				COPY_PHASE_STRIP = NO;
				DEBUG_INFORMATION_FORMAT = dwarf;
				ENABLE_STRICT_OBJC_MSGSEND = YES;
				ENABLE_TESTABILITY = YES;
				GCC_C_LANGUAGE_STANDARD = gnu99;
				GCC_DYNAMIC_NO_PIC = NO;
				GCC_NO_COMMON_BLOCKS = YES;
				GCC_OPTIMIZATION_LEVEL = 0;
				GCC_PREPROCESSOR_DEFINITIONS = (
					"DEBUG=1",
					"$(inherited)",
				);
				GCC_WARN_64_TO_32_BIT_CONVERSION = YES;
				GCC_WARN_ABOUT_RETURN_TYPE = YES_ERROR;
				GCC_WARN_UNDECLARED_SELECTOR = YES;
				GCC_WARN_UNINITIALIZED_AUTOS = YES_AGGRESSIVE;
				GCC_WARN_UNUSED_FUNCTION = YES;
				GCC_WARN_UNUSED_VARIABLE = YES;
				IPHONEOS_DEPLOYMENT_TARGET = 10.3;
				MTL_ENABLE_DEBUG_INFO = YES;
				ONLY_ACTIVE_ARCH = YES;
				SDKROOT = iphoneos;
				SWIFT_ACTIVE_COMPILATION_CONDITIONS = DEBUG;
				SWIFT_OPTIMIZATION_LEVEL = "-Onone";
				TARGETED_DEVICE_FAMILY = "1,2";
			};
			name = Debug;
		};
		AA5157F91ECD77E400A03B9F /* Release */ = {
			isa = XCBuildConfiguration;
			buildSettings = {
				ALWAYS_SEARCH_USER_PATHS = NO;
				CLANG_ANALYZER_NONNULL = YES;
				CLANG_ANALYZER_NUMBER_OBJECT_CONVERSION = YES_AGGRESSIVE;
				CLANG_CXX_LANGUAGE_STANDARD = "gnu++0x";
				CLANG_CXX_LIBRARY = "libc++";
				CLANG_ENABLE_MODULES = YES;
				CLANG_ENABLE_OBJC_ARC = YES;
				CLANG_WARN_BOOL_CONVERSION = YES;
				CLANG_WARN_CONSTANT_CONVERSION = YES;
				CLANG_WARN_DIRECT_OBJC_ISA_USAGE = YES_ERROR;
				CLANG_WARN_DOCUMENTATION_COMMENTS = YES;
				CLANG_WARN_EMPTY_BODY = YES;
				CLANG_WARN_ENUM_CONVERSION = YES;
				CLANG_WARN_INFINITE_RECURSION = YES;
				CLANG_WARN_INT_CONVERSION = YES;
				CLANG_WARN_OBJC_ROOT_CLASS = YES_ERROR;
				CLANG_WARN_SUSPICIOUS_MOVE = YES;
				CLANG_WARN_UNREACHABLE_CODE = YES;
				CLANG_WARN__DUPLICATE_METHOD_MATCH = YES;
				"CODE_SIGN_IDENTITY[sdk=iphoneos*]" = "iPhone Developer";
				COPY_PHASE_STRIP = NO;
				DEBUG_INFORMATION_FORMAT = "dwarf-with-dsym";
				ENABLE_NS_ASSERTIONS = NO;
				ENABLE_STRICT_OBJC_MSGSEND = YES;
				GCC_C_LANGUAGE_STANDARD = gnu99;
				GCC_NO_COMMON_BLOCKS = YES;
				GCC_WARN_64_TO_32_BIT_CONVERSION = YES;
				GCC_WARN_ABOUT_RETURN_TYPE = YES_ERROR;
				GCC_WARN_UNDECLARED_SELECTOR = YES;
				GCC_WARN_UNINITIALIZED_AUTOS = YES_AGGRESSIVE;
				GCC_WARN_UNUSED_FUNCTION = YES;
				GCC_WARN_UNUSED_VARIABLE = YES;
				IPHONEOS_DEPLOYMENT_TARGET = 10.3;
				MTL_ENABLE_DEBUG_INFO = NO;
				SDKROOT = iphoneos;
				SWIFT_OPTIMIZATION_LEVEL = "-Owholemodule";
				TARGETED_DEVICE_FAMILY = "1,2";
				VALIDATE_PRODUCT = YES;
			};
			name = Release;
		};
		AA5157FB1ECD77E400A03B9F /* Debug */ = {
			isa = XCBuildConfiguration;
			baseConfigurationReference = 50ADACF0CA94A9F09177F211 /* Pods-OrderGridReciever.debug.xcconfig */;
			buildSettings = {
				ASSETCATALOG_COMPILER_APPICON_NAME = AppIcon;
				DEVELOPMENT_TEAM = 5H5DB854MQ;
				INFOPLIST_FILE = OrderGridReciever/Info.plist;
				IPHONEOS_DEPLOYMENT_TARGET = 10.3;
				LD_RUNPATH_SEARCH_PATHS = "$(inherited) @executable_path/Frameworks";
				PRODUCT_BUNDLE_IDENTIFIER = cpfeiffer.OrderGridReciever;
				PRODUCT_NAME = "$(TARGET_NAME)";
				SWIFT_VERSION = 3.0;
			};
			name = Debug;
		};
		AA5157FC1ECD77E400A03B9F /* Release */ = {
			isa = XCBuildConfiguration;
			baseConfigurationReference = 2E6EF3C5BB552E4108214377 /* Pods-OrderGridReciever.release.xcconfig */;
			buildSettings = {
				ASSETCATALOG_COMPILER_APPICON_NAME = AppIcon;
				DEVELOPMENT_TEAM = 5H5DB854MQ;
				INFOPLIST_FILE = OrderGridReciever/Info.plist;
				IPHONEOS_DEPLOYMENT_TARGET = 10.3;
				LD_RUNPATH_SEARCH_PATHS = "$(inherited) @executable_path/Frameworks";
				PRODUCT_BUNDLE_IDENTIFIER = cpfeiffer.OrderGridReciever;
				PRODUCT_NAME = "$(TARGET_NAME)";
				SWIFT_VERSION = 3.0;
			};
			name = Release;
		};
		AA5157FE1ECD77E400A03B9F /* Debug */ = {
			isa = XCBuildConfiguration;
			baseConfigurationReference = F7557A99FDAFF211244DA951 /* Pods-OrderGridRecieverTests.debug.xcconfig */;
			buildSettings = {
				ALWAYS_EMBED_SWIFT_STANDARD_LIBRARIES = YES;
				BUNDLE_LOADER = "$(TEST_HOST)";
				DEVELOPMENT_TEAM = 5H5DB854MQ;
				INFOPLIST_FILE = OrderGridRecieverTests/Info.plist;
				LD_RUNPATH_SEARCH_PATHS = "$(inherited) @executable_path/Frameworks @loader_path/Frameworks";
				PRODUCT_BUNDLE_IDENTIFIER = cpfeiffer.OrderGridRecieverTests;
				PRODUCT_NAME = "$(TARGET_NAME)";
				SWIFT_VERSION = 3.0;
				TEST_HOST = "$(BUILT_PRODUCTS_DIR)/OrderGridReciever.app/OrderGridReciever";
			};
			name = Debug;
		};
		AA5157FF1ECD77E400A03B9F /* Release */ = {
			isa = XCBuildConfiguration;
			baseConfigurationReference = 73E1673319E685F88666E2A4 /* Pods-OrderGridRecieverTests.release.xcconfig */;
			buildSettings = {
				ALWAYS_EMBED_SWIFT_STANDARD_LIBRARIES = YES;
				BUNDLE_LOADER = "$(TEST_HOST)";
				DEVELOPMENT_TEAM = 5H5DB854MQ;
				INFOPLIST_FILE = OrderGridRecieverTests/Info.plist;
				LD_RUNPATH_SEARCH_PATHS = "$(inherited) @executable_path/Frameworks @loader_path/Frameworks";
				PRODUCT_BUNDLE_IDENTIFIER = cpfeiffer.OrderGridRecieverTests;
				PRODUCT_NAME = "$(TARGET_NAME)";
				SWIFT_VERSION = 3.0;
				TEST_HOST = "$(BUILT_PRODUCTS_DIR)/OrderGridReciever.app/OrderGridReciever";
			};
			name = Release;
		};
		AA5158011ECD77E400A03B9F /* Debug */ = {
			isa = XCBuildConfiguration;
			baseConfigurationReference = 4A715F1542021CFAA4B5F763 /* Pods-OrderGridRecieverUITests.debug.xcconfig */;
			buildSettings = {
				ALWAYS_EMBED_SWIFT_STANDARD_LIBRARIES = YES;
				DEVELOPMENT_TEAM = 5H5DB854MQ;
				INFOPLIST_FILE = OrderGridRecieverUITests/Info.plist;
				LD_RUNPATH_SEARCH_PATHS = "$(inherited) @executable_path/Frameworks @loader_path/Frameworks";
				PRODUCT_BUNDLE_IDENTIFIER = cpfeiffer.OrderGridRecieverUITests;
				PRODUCT_NAME = "$(TARGET_NAME)";
				SWIFT_VERSION = 3.0;
				TEST_TARGET_NAME = OrderGridReciever;
			};
			name = Debug;
		};
		AA5158021ECD77E400A03B9F /* Release */ = {
			isa = XCBuildConfiguration;
			baseConfigurationReference = 88FF7E4F56691159646A1696 /* Pods-OrderGridRecieverUITests.release.xcconfig */;
			buildSettings = {
				ALWAYS_EMBED_SWIFT_STANDARD_LIBRARIES = YES;
				DEVELOPMENT_TEAM = 5H5DB854MQ;
				INFOPLIST_FILE = OrderGridRecieverUITests/Info.plist;
				LD_RUNPATH_SEARCH_PATHS = "$(inherited) @executable_path/Frameworks @loader_path/Frameworks";
				PRODUCT_BUNDLE_IDENTIFIER = cpfeiffer.OrderGridRecieverUITests;
				PRODUCT_NAME = "$(TARGET_NAME)";
				SWIFT_VERSION = 3.0;
				TEST_TARGET_NAME = OrderGridReciever;
			};
			name = Release;
		};
/* End XCBuildConfiguration section */

/* Begin XCConfigurationList section */
		AA5157CD1ECD77E400A03B9F /* Build configuration list for PBXProject "OrderGridReciever" */ = {
			isa = XCConfigurationList;
			buildConfigurations = (
				AA5157F81ECD77E400A03B9F /* Debug */,
				AA5157F91ECD77E400A03B9F /* Release */,
			);
			defaultConfigurationIsVisible = 0;
			defaultConfigurationName = Release;
		};
		AA5157FA1ECD77E400A03B9F /* Build configuration list for PBXNativeTarget "OrderGridReciever" */ = {
			isa = XCConfigurationList;
			buildConfigurations = (
				AA5157FB1ECD77E400A03B9F /* Debug */,
				AA5157FC1ECD77E400A03B9F /* Release */,
			);
			defaultConfigurationIsVisible = 0;
			defaultConfigurationName = Release;
		};
		AA5157FD1ECD77E400A03B9F /* Build configuration list for PBXNativeTarget "OrderGridRecieverTests" */ = {
			isa = XCConfigurationList;
			buildConfigurations = (
				AA5157FE1ECD77E400A03B9F /* Debug */,
				AA5157FF1ECD77E400A03B9F /* Release */,
			);
			defaultConfigurationIsVisible = 0;
			defaultConfigurationName = Release;
		};
		AA5158001ECD77E400A03B9F /* Build configuration list for PBXNativeTarget "OrderGridRecieverUITests" */ = {
			isa = XCConfigurationList;
			buildConfigurations = (
				AA5158011ECD77E400A03B9F /* Debug */,
				AA5158021ECD77E400A03B9F /* Release */,
			);
			defaultConfigurationIsVisible = 0;
			defaultConfigurationName = Release;
		};
/* End XCConfigurationList section */
	};
	rootObject = AA5157CA1ECD77E400A03B9F /* Project object */;
}
